
Microsoft Visual Studio Solution File, Format Version 12.00
# Visual Studio Version 16
VisualStudioVersion = 16.0.30717.126
MinimumVisualStudioVersion = 10.0.40219.1
Project("{FAE04EC0-301F-11D3-BF4B-00C04F79EFBC}") = "Day7", "Day7.csproj", "{4F08B692-91E6-48CE-B655-48DFA94F979D}"
EndProject
Global
	GlobalSection(SolutionConfigurationPlatforms) = preSolution
		Debug|Any CPU = Debug|Any CPU
		Release|Any CPU = Release|Any CPU
	EndGlobalSection
	GlobalSection(ProjectConfigurationPlatforms) = postSolution
		{4F08B692-91E6-48CE-B655-48DFA94F979D}.Debug|Any CPU.ActiveCfg = Debug|Any CPU
		{4F08B692-91E6-48CE-B655-48DFA94F979D}.Debug|Any CPU.Build.0 = Debug|Any CPU
		{4F08B692-91E6-48CE-B655-48DFA94F979D}.Release|Any CPU.ActiveCfg = Release|Any CPU
		{4F08B692-91E6-48CE-B655-48DFA94F979D}.Release|Any CPU.Build.0 = Release|Any CPU
	EndGlobalSection
	GlobalSection(SolutionProperties) = preSolution
		HideSolutionNode = FALSE
	EndGlobalSection
	GlobalSection(ExtensibilityGlobals) = postSolution
		SolutionGuid = {A5D103EF-24F2-4749-B6A6-78A779F87A8F}
	EndGlobalSection
EndGlobal
