
Microsoft Visual Studio Solution File, Format Version 12.00
# Visual Studio Version 17
VisualStudioVersion = 17.4.33110.190
MinimumVisualStudioVersion = 10.0.40219.1
Project("{FAE04EC0-301F-11D3-BF4B-00C04F79EFBC}") = "AoC", "AoC.csproj", "{0B9F54B7-6DDF-4039-BFD8-DE6B8D84C80B}"
EndProject
Global
	GlobalSection(SolutionConfigurationPlatforms) = preSolution
		Debug|Any CPU = Debug|Any CPU
		Release|Any CPU = Release|Any CPU
	EndGlobalSection
	GlobalSection(ProjectConfigurationPlatforms) = postSolution
		{0B9F54B7-6DDF-4039-BFD8-DE6B8D84C80B}.Debug|Any CPU.ActiveCfg = Debug|Any CPU
		{0B9F54B7-6DDF-4039-BFD8-DE6B8D84C80B}.Debug|Any CPU.Build.0 = Debug|Any CPU
		{0B9F54B7-6DDF-4039-BFD8-DE6B8D84C80B}.Release|Any CPU.ActiveCfg = Release|Any CPU
		{0B9F54B7-6DDF-4039-BFD8-DE6B8D84C80B}.Release|Any CPU.Build.0 = Release|Any CPU
	EndGlobalSection
	GlobalSection(SolutionProperties) = preSolution
		HideSolutionNode = FALSE
	EndGlobalSection
	GlobalSection(ExtensibilityGlobals) = postSolution
		SolutionGuid = {81A9A139-047C-4814-9629-B2892FB6429B}
	EndGlobalSection
EndGlobal
