
Microsoft Visual Studio Solution File, Format Version 12.00
# Visual Studio Version 16
VisualStudioVersion = 16.0.30717.126
MinimumVisualStudioVersion = 10.0.40219.1
Project("{FAE04EC0-301F-11D3-BF4B-00C04F79EFBC}") = "Day2", "Day2.csproj", "{A95AF6AA-B709-4384-BF42-9CBC458074E1}"
EndProject
Global
	GlobalSection(SolutionConfigurationPlatforms) = preSolution
		Debug|Any CPU = Debug|Any CPU
		Release|Any CPU = Release|Any CPU
	EndGlobalSection
	GlobalSection(ProjectConfigurationPlatforms) = postSolution
		{A95AF6AA-B709-4384-BF42-9CBC458074E1}.Debug|Any CPU.ActiveCfg = Debug|Any CPU
		{A95AF6AA-B709-4384-BF42-9CBC458074E1}.Debug|Any CPU.Build.0 = Debug|Any CPU
		{A95AF6AA-B709-4384-BF42-9CBC458074E1}.Release|Any CPU.ActiveCfg = Release|Any CPU
		{A95AF6AA-B709-4384-BF42-9CBC458074E1}.Release|Any CPU.Build.0 = Release|Any CPU
	EndGlobalSection
	GlobalSection(SolutionProperties) = preSolution
		HideSolutionNode = FALSE
	EndGlobalSection
	GlobalSection(ExtensibilityGlobals) = postSolution
		SolutionGuid = {589EFC61-0A53-465D-9C09-9FDE83B76C5A}
	EndGlobalSection
EndGlobal
